
Microsoft Visual Studio Solution File, Format Version 12.00
Project("{FAE04EC0-301F-11D3-BF4B-00C04F79EFBC}") = "NpgLiteORM.Core", "NpgLiteORM.Core\NpgLiteORM.Core.csproj", "{C96F4C94-C738-480D-8B4C-AE181856B0C5}"
EndProject
Project("{FAE04EC0-301F-11D3-BF4B-00C04F79EFBC}") = "NpgLiteORM.Demo", "NpgLiteORM.Demo\NpgLiteORM.Demo.csproj", "{46A1A614-AF88-4A69-A453-4599A820F394}"
EndProject
Project("{FAE04EC0-301F-11D3-BF4B-00C04F79EFBC}") = "NpgLiteORM.Tests", "NpgLiteORM.Tests\NpgLiteORM.Tests.csproj", "{648D511F-CEEF-4233-935E-2358579430C0}"
EndProject
Global
	GlobalSection(SolutionConfigurationPlatforms) = preSolution
		Debug|Any CPU = Debug|Any CPU
		Debug|x64 = Debug|x64
		Debug|x86 = Debug|x86
		Release|Any CPU = Release|Any CPU
		Release|x64 = Release|x64
		Release|x86 = Release|x86
	EndGlobalSection
	GlobalSection(ProjectConfigurationPlatforms) = postSolution
		{C96F4C94-C738-480D-8B4C-AE181856B0C5}.Debug|Any CPU.ActiveCfg = Debug|Any CPU
		{C96F4C94-C738-480D-8B4C-AE181856B0C5}.Debug|Any CPU.Build.0 = Debug|Any CPU
		{C96F4C94-C738-480D-8B4C-AE181856B0C5}.Debug|x64.ActiveCfg = Debug|Any CPU
		{C96F4C94-C738-480D-8B4C-AE181856B0C5}.Debug|x64.Build.0 = Debug|Any CPU
		{C96F4C94-C738-480D-8B4C-AE181856B0C5}.Debug|x86.ActiveCfg = Debug|Any CPU
		{C96F4C94-C738-480D-8B4C-AE181856B0C5}.Debug|x86.Build.0 = Debug|Any CPU
		{C96F4C94-C738-480D-8B4C-AE181856B0C5}.Release|Any CPU.ActiveCfg = Release|Any CPU
		{C96F4C94-C738-480D-8B4C-AE181856B0C5}.Release|Any CPU.Build.0 = Release|Any CPU
		{C96F4C94-C738-480D-8B4C-AE181856B0C5}.Release|x64.ActiveCfg = Release|Any CPU
		{C96F4C94-C738-480D-8B4C-AE181856B0C5}.Release|x64.Build.0 = Release|Any CPU
		{C96F4C94-C738-480D-8B4C-AE181856B0C5}.Release|x86.ActiveCfg = Release|Any CPU
		{C96F4C94-C738-480D-8B4C-AE181856B0C5}.Release|x86.Build.0 = Release|Any CPU
		{46A1A614-AF88-4A69-A453-4599A820F394}.Debug|Any CPU.ActiveCfg = Debug|Any CPU
		{46A1A614-AF88-4A69-A453-4599A820F394}.Debug|Any CPU.Build.0 = Debug|Any CPU
		{46A1A614-AF88-4A69-A453-4599A820F394}.Debug|x64.ActiveCfg = Debug|Any CPU
		{46A1A614-AF88-4A69-A453-4599A820F394}.Debug|x64.Build.0 = Debug|Any CPU
		{46A1A614-AF88-4A69-A453-4599A820F394}.Debug|x86.ActiveCfg = Debug|Any CPU
		{46A1A614-AF88-4A69-A453-4599A820F394}.Debug|x86.Build.0 = Debug|Any CPU
		{46A1A614-AF88-4A69-A453-4599A820F394}.Release|Any CPU.ActiveCfg = Release|Any CPU
		{46A1A614-AF88-4A69-A453-4599A820F394}.Release|Any CPU.Build.0 = Release|Any CPU
		{46A1A614-AF88-4A69-A453-4599A820F394}.Release|x64.ActiveCfg = Release|Any CPU
		{46A1A614-AF88-4A69-A453-4599A820F394}.Release|x64.Build.0 = Release|Any CPU
		{46A1A614-AF88-4A69-A453-4599A820F394}.Release|x86.ActiveCfg = Release|Any CPU
		{46A1A614-AF88-4A69-A453-4599A820F394}.Release|x86.Build.0 = Release|Any CPU
		{648D511F-CEEF-4233-935E-2358579430C0}.Debug|Any CPU.ActiveCfg = Debug|Any CPU
		{648D511F-CEEF-4233-935E-2358579430C0}.Debug|Any CPU.Build.0 = Debug|Any CPU
		{648D511F-CEEF-4233-935E-2358579430C0}.Debug|x64.ActiveCfg = Debug|Any CPU
		{648D511F-CEEF-4233-935E-2358579430C0}.Debug|x64.Build.0 = Debug|Any CPU
		{648D511F-CEEF-4233-935E-2358579430C0}.Debug|x86.ActiveCfg = Debug|Any CPU
		{648D511F-CEEF-4233-935E-2358579430C0}.Debug|x86.Build.0 = Debug|Any CPU
		{648D511F-CEEF-4233-935E-2358579430C0}.Release|Any CPU.ActiveCfg = Release|Any CPU
		{648D511F-CEEF-4233-935E-2358579430C0}.Release|Any CPU.Build.0 = Release|Any CPU
		{648D511F-CEEF-4233-935E-2358579430C0}.Release|x64.ActiveCfg = Release|Any CPU
		{648D511F-CEEF-4233-935E-2358579430C0}.Release|x64.Build.0 = Release|Any CPU
		{648D511F-CEEF-4233-935E-2358579430C0}.Release|x86.ActiveCfg = Release|Any CPU
		{648D511F-CEEF-4233-935E-2358579430C0}.Release|x86.Build.0 = Release|Any CPU
	EndGlobalSection
	GlobalSection(SolutionProperties) = preSolution
		HideSolutionNode = FALSE
	EndGlobalSection
EndGlobal
